
Microsoft Visual Studio Solution File, Format Version 12.00
# Visual Studio Version 16
VisualStudioVersion = 16.0.30611.23
MinimumVisualStudioVersion = 10.0.40219.1
Project("{FAE04EC0-301F-11D3-BF4B-00C04F79EFBC}") = "LineComparison", "LineComparison.csproj", "{456DA336-2C58-4ECD-B4A8-54AF7F1FA500}"
EndProject
Global
	GlobalSection(SolutionConfigurationPlatforms) = preSolution
		Debug|Any CPU = Debug|Any CPU
		Release|Any CPU = Release|Any CPU
	EndGlobalSection
	GlobalSection(ProjectConfigurationPlatforms) = postSolution
		{456DA336-2C58-4ECD-B4A8-54AF7F1FA500}.Debug|Any CPU.ActiveCfg = Debug|Any CPU
		{456DA336-2C58-4ECD-B4A8-54AF7F1FA500}.Debug|Any CPU.Build.0 = Debug|Any CPU
		{456DA336-2C58-4ECD-B4A8-54AF7F1FA500}.Release|Any CPU.ActiveCfg = Release|Any CPU
		{456DA336-2C58-4ECD-B4A8-54AF7F1FA500}.Release|Any CPU.Build.0 = Release|Any CPU
	EndGlobalSection
	GlobalSection(SolutionProperties) = preSolution
		HideSolutionNode = FALSE
	EndGlobalSection
	GlobalSection(ExtensibilityGlobals) = postSolution
		SolutionGuid = {FF71DF78-23B6-40FF-9636-8062634D2448}
	EndGlobalSection
EndGlobal
